<?xml version="1.0" encoding="utf-8"?>
<Project ToolsVersion="4.0" xmlns="http://schemas.microsoft.com/developer/msbuild/2003">
  <ItemGroup>
    <ClCompile Include="..\..\Dependencies\Imgui\imgui.cpp">
      <Filter>ImGui</Filter>
    </ClCompile>
    <ClCompile Include="..\..\Dependencies\Imgui\imgui_demo.cpp">
      <Filter>ImGui</Filter>
    </ClCompile>
    <ClCompile Include="..\..\Dependencies\Imgui\imgui_draw.cpp">
      <Filter>ImGui</Filter>
    </ClCompile>
    <ClCompile Include="..\..\Source\SkyeCuillin\DirectoryTree.cpp" />
    <ClCompile Include="..\..\Source\SkyeCuillin\DirectoryWatch.cpp" />
    <ClCompile Include="..\..\Source\SkyeCuillin\GraphicsProfiler.cpp" />
    <ClCompile Include="..\..\Source\SkyeCuillin\ImguiSubsystem.cpp" />
    <ClCompile Include="..\..\Source\SkyeCuillin\LightingSystem.cpp" />
    <ClCompile Include="..\..\Source\SkyeCuillin\RenderGizmo.cpp" />
    <ClCompile Include="..\..\Source\SkyeCuillin\RenderPass.cpp" />
    <ClCompile Include="..\..\Source\SkyeCuillin\RenderPassConeTracingAO.cpp" />
    <ClCompile Include="..\..\Source\SkyeCuillin\RenderPassConeTracingGI.cpp" />
    <ClCompile Include="..\..\Source\SkyeCuillin\RenderPassConeTracingReflection.cpp" />
    <ClCompile Include="..\..\Source\SkyeCuillin\RenderPassCubeShadowMap.cpp" />
    <ClCompile Include="..\..\Source\SkyeCuillin\RenderPassDeferredShading.cpp" />
    <ClCompile Include="..\..\Source\SkyeCuillin\RenderPassFullscreen.cpp" />
    <ClCompile Include="..\..\Source\SkyeCuillin\RenderPassGBuffer.cpp" />
    <ClCompile Include="..\..\Source\SkyeCuillin\RenderPassGenerateMipmap.cpp" />
    <ClCompile Include="..\..\Source\SkyeCuillin\RenderPassHiZ.cpp" />
    <ClCompile Include="..\..\Source\SkyeCuillin\RenderPassPicking.cpp" />
    <ClCompile Include="..\..\Source\SkyeCuillin\RenderPassResolve.cpp" />
    <ClCompile Include="..\..\Source\SkyeCuillin\RenderPassSeparableBlur.cpp" />
    <ClCompile Include="..\..\Source\SkyeCuillin\RenderPassShadowMap.cpp" />
    <ClCompile Include="..\..\Source\SkyeCuillin\Voxelize.cpp" />
  </ItemGroup>
  <ItemGroup>
    <ClInclude Include="..\..\Dependencies\Imgui\imconfig.h">
      <Filter>ImGui</Filter>
    </ClInclude>
    <ClInclude Include="..\..\Dependencies\Imgui\imgui.h">
      <Filter>ImGui</Filter>
    </ClInclude>
    <ClInclude Include="..\..\Dependencies\Imgui\imgui_internal.h">
      <Filter>ImGui</Filter>
    </ClInclude>
    <ClInclude Include="..\..\Dependencies\Imgui\stb_rect_pack.h">
      <Filter>ImGui</Filter>
    </ClInclude>
    <ClInclude Include="..\..\Dependencies\Imgui\stb_textedit.h">
      <Filter>ImGui</Filter>
    </ClInclude>
    <ClInclude Include="..\..\Dependencies\Imgui\stb_truetype.h">
      <Filter>ImGui</Filter>
    </ClInclude>
    <ClInclude Include="..\..\Source\SkyeCuillin\DirectoryTree.h" />
    <ClInclude Include="..\..\Source\SkyeCuillin\DirectoryWatch.h" />
    <ClInclude Include="..\..\Source\SkyeCuillin\GraphicsProfiler.h" />
    <ClInclude Include="..\..\Source\SkyeCuillin\ImguiSubsystem.h" />
    <ClInclude Include="..\..\Source\SkyeCuillin\LightingSystem.h" />
    <ClInclude Include="..\..\Source\SkyeCuillin\RenderGizmo.h" />
    <ClInclude Include="..\..\Source\SkyeCuillin\RenderPass.h" />
    <ClInclude Include="..\..\Source\SkyeCuillin\RenderPassConeTracingAO.h" />
    <ClInclude Include="..\..\Source\SkyeCuillin\RenderPassConeTracingGI.h" />
    <ClInclude Include="..\..\Source\SkyeCuillin\RenderPassConeTracingReflection.h" />
    <ClInclude Include="..\..\Source\SkyeCuillin\RenderPassCubeShadowMap.h" />
    <ClInclude Include="..\..\Source\SkyeCuillin\RenderPassDeferredShading.h" />
    <ClInclude Include="..\..\Source\SkyeCuillin\RenderPassFullscreen.h" />
    <ClInclude Include="..\..\Source\SkyeCuillin\RenderPassGBuffer.h" />
    <ClInclude Include="..\..\Source\SkyeCuillin\RenderPassGenerateMipmap.h" />
    <ClInclude Include="..\..\Source\SkyeCuillin\RenderPassHiZ.h" />
    <ClInclude Include="..\..\Source\SkyeCuillin\RenderPassPicking.h" />
    <ClInclude Include="..\..\Source\SkyeCuillin\RenderPassResolve.h" />
    <ClInclude Include="..\..\Source\SkyeCuillin\RenderPassSeparableBlur.h" />
    <ClInclude Include="..\..\Source\SkyeCuillin\RenderPassShadowMap.h" />
    <ClInclude Include="..\..\Source\SkyeCuillin\Voxelize.h" />
  </ItemGroup>
  <ItemGroup>
    <Filter Include="ImGui">
      <UniqueIdentifier>{99a5017a-77c3-4fd6-a715-79e23e5d2da4}</UniqueIdentifier>
    </Filter>
  </ItemGroup>
</Project>