
Microsoft Visual Studio Solution File, Format Version 12.00
# Visual Studio 15
VisualStudioVersion = 15.0.27130.2003
MinimumVisualStudioVersion = 10.0.40219.1
Project("{8BC9CEB8-8B4A-11D0-8D11-00A0C91BC942}") = "Core", "Core\Core.vcxproj", "{69E7F349-DF9B-4F64-AE19-81C58C51B590}"
EndProject
Project("{2150E333-8FDC-42A3-9474-1A3956D46DE8}") = "Examples", "Examples", "{2A549C57-06C2-4ABA-B5CC-552924888D01}"
EndProject
Project("{8BC9CEB8-8B4A-11D0-8D11-00A0C91BC942}") = "Example01", "Examples\Example01\Example01.vcxproj", "{90749762-4AF1-48FB-8236-0E8B22AD3A72}"
	ProjectSection(ProjectDependencies) = postProject
		{69E7F349-DF9B-4F64-AE19-81C58C51B590} = {69E7F349-DF9B-4F64-AE19-81C58C51B590}
	EndProjectSection
EndProject
Project("{8BC9CEB8-8B4A-11D0-8D11-00A0C91BC942}") = "Input", "Input\Input.vcxproj", "{9F0320F9-8F0C-42E1-8BF8-0D750942FC69}"
EndProject
Project("{8BC9CEB8-8B4A-11D0-8D11-00A0C91BC942}") = "Window", "Window\Window.vcxproj", "{43A81C80-A086-4905-AEC6-45CF4F1942BC}"
	ProjectSection(ProjectDependencies) = postProject
		{69E7F349-DF9B-4F64-AE19-81C58C51B590} = {69E7F349-DF9B-4F64-AE19-81C58C51B590}
		{9F0320F9-8F0C-42E1-8BF8-0D750942FC69} = {9F0320F9-8F0C-42E1-8BF8-0D750942FC69}
	EndProjectSection
EndProject
Project("{8BC9CEB8-8B4A-11D0-8D11-00A0C91BC942}") = "Example02", "Examples\Example02\Example02.vcxproj", "{423960CF-2964-4F70-82CF-56ECE502E1BC}"
	ProjectSection(ProjectDependencies) = postProject
		{69E7F349-DF9B-4F64-AE19-81C58C51B590} = {69E7F349-DF9B-4F64-AE19-81C58C51B590}
		{43A81C80-A086-4905-AEC6-45CF4F1942BC} = {43A81C80-A086-4905-AEC6-45CF4F1942BC}
		{9F0320F9-8F0C-42E1-8BF8-0D750942FC69} = {9F0320F9-8F0C-42E1-8BF8-0D750942FC69}
	EndProjectSection
EndProject
Project("{8BC9CEB8-8B4A-11D0-8D11-00A0C91BC942}") = "Example03", "Examples\Example03\Example03.vcxproj", "{B904AE42-AD16-4DE8-B532-E7AE2D4E8AFA}"
	ProjectSection(ProjectDependencies) = postProject
		{59554619-11F1-43C0-B86E-4CFAF273E673} = {59554619-11F1-43C0-B86E-4CFAF273E673}
		{69E7F349-DF9B-4F64-AE19-81C58C51B590} = {69E7F349-DF9B-4F64-AE19-81C58C51B590}
		{43A81C80-A086-4905-AEC6-45CF4F1942BC} = {43A81C80-A086-4905-AEC6-45CF4F1942BC}
		{9F0320F9-8F0C-42E1-8BF8-0D750942FC69} = {9F0320F9-8F0C-42E1-8BF8-0D750942FC69}
	EndProjectSection
EndProject
Project("{8BC9CEB8-8B4A-11D0-8D11-00A0C91BC942}") = "Graphics", "Graphics\Graphics.vcxproj", "{59554619-11F1-43C0-B86E-4CFAF273E673}"
	ProjectSection(ProjectDependencies) = postProject
		{69E7F349-DF9B-4F64-AE19-81C58C51B590} = {69E7F349-DF9B-4F64-AE19-81C58C51B590}
		{43A81C80-A086-4905-AEC6-45CF4F1942BC} = {43A81C80-A086-4905-AEC6-45CF4F1942BC}
	EndProjectSection
EndProject
Project("{8BC9CEB8-8B4A-11D0-8D11-00A0C91BC942}") = "Game", "Game\Game.vcxproj", "{CD65F912-D2FD-46E4-A2EC-5ADFC3A5FAA1}"
	ProjectSection(ProjectDependencies) = postProject
		{59554619-11F1-43C0-B86E-4CFAF273E673} = {59554619-11F1-43C0-B86E-4CFAF273E673}
		{69E7F349-DF9B-4F64-AE19-81C58C51B590} = {69E7F349-DF9B-4F64-AE19-81C58C51B590}
		{43A81C80-A086-4905-AEC6-45CF4F1942BC} = {43A81C80-A086-4905-AEC6-45CF4F1942BC}
		{9F0320F9-8F0C-42E1-8BF8-0D750942FC69} = {9F0320F9-8F0C-42E1-8BF8-0D750942FC69}
	EndProjectSection
EndProject
Project("{8BC9CEB8-8B4A-11D0-8D11-00A0C91BC942}") = "Example04", "Examples\Example04\Example04.vcxproj", "{738EB01C-F0C3-40FD-896D-762BCB33BEB6}"
	ProjectSection(ProjectDependencies) = postProject
		{CD65F912-D2FD-46E4-A2EC-5ADFC3A5FAA1} = {CD65F912-D2FD-46E4-A2EC-5ADFC3A5FAA1}
		{59554619-11F1-43C0-B86E-4CFAF273E673} = {59554619-11F1-43C0-B86E-4CFAF273E673}
		{69E7F349-DF9B-4F64-AE19-81C58C51B590} = {69E7F349-DF9B-4F64-AE19-81C58C51B590}
		{43A81C80-A086-4905-AEC6-45CF4F1942BC} = {43A81C80-A086-4905-AEC6-45CF4F1942BC}
		{9F0320F9-8F0C-42E1-8BF8-0D750942FC69} = {9F0320F9-8F0C-42E1-8BF8-0D750942FC69}
	EndProjectSection
EndProject
Project("{8BC9CEB8-8B4A-11D0-8D11-00A0C91BC942}") = "Example05", "Examples\Example05\Example05.vcxproj", "{2F92844D-DC37-48CB-974F-C4AB9E17CBA4}"
	ProjectSection(ProjectDependencies) = postProject
		{CD65F912-D2FD-46E4-A2EC-5ADFC3A5FAA1} = {CD65F912-D2FD-46E4-A2EC-5ADFC3A5FAA1}
		{59554619-11F1-43C0-B86E-4CFAF273E673} = {59554619-11F1-43C0-B86E-4CFAF273E673}
		{69E7F349-DF9B-4F64-AE19-81C58C51B590} = {69E7F349-DF9B-4F64-AE19-81C58C51B590}
		{43A81C80-A086-4905-AEC6-45CF4F1942BC} = {43A81C80-A086-4905-AEC6-45CF4F1942BC}
		{9F0320F9-8F0C-42E1-8BF8-0D750942FC69} = {9F0320F9-8F0C-42E1-8BF8-0D750942FC69}
	EndProjectSection
EndProject
Project("{8BC9CEB8-8B4A-11D0-8D11-00A0C91BC942}") = "UI", "UI\UI.vcxproj", "{4437BFE3-B3E5-4B35-B5E3-2652F0163161}"
	ProjectSection(ProjectDependencies) = postProject
		{69E7F349-DF9B-4F64-AE19-81C58C51B590} = {69E7F349-DF9B-4F64-AE19-81C58C51B590}
	EndProjectSection
EndProject
Project("{8BC9CEB8-8B4A-11D0-8D11-00A0C91BC942}") = "SkyeCuillin", "Examples\SkyeCuillin\SkyeCuillin.vcxproj", "{F88AA5BC-FA46-4EF0-980C-457A8E1CA55A}"
	ProjectSection(ProjectDependencies) = postProject
		{CD65F912-D2FD-46E4-A2EC-5ADFC3A5FAA1} = {CD65F912-D2FD-46E4-A2EC-5ADFC3A5FAA1}
		{59554619-11F1-43C0-B86E-4CFAF273E673} = {59554619-11F1-43C0-B86E-4CFAF273E673}
		{69E7F349-DF9B-4F64-AE19-81C58C51B590} = {69E7F349-DF9B-4F64-AE19-81C58C51B590}
		{43A81C80-A086-4905-AEC6-45CF4F1942BC} = {43A81C80-A086-4905-AEC6-45CF4F1942BC}
		{36CD64D3-3930-4380-A5D1-6856A704A94B} = {36CD64D3-3930-4380-A5D1-6856A704A94B}
		{4437BFE3-B3E5-4B35-B5E3-2652F0163161} = {4437BFE3-B3E5-4B35-B5E3-2652F0163161}
		{9F0320F9-8F0C-42E1-8BF8-0D750942FC69} = {9F0320F9-8F0C-42E1-8BF8-0D750942FC69}
	EndProjectSection
EndProject
Project("{8BC9CEB8-8B4A-11D0-8D11-00A0C91BC942}") = "Physics", "Physics\Physics.vcxproj", "{36CD64D3-3930-4380-A5D1-6856A704A94B}"
	ProjectSection(ProjectDependencies) = postProject
		{CD65F912-D2FD-46E4-A2EC-5ADFC3A5FAA1} = {CD65F912-D2FD-46E4-A2EC-5ADFC3A5FAA1}
		{69E7F349-DF9B-4F64-AE19-81C58C51B590} = {69E7F349-DF9B-4F64-AE19-81C58C51B590}
	EndProjectSection
EndProject
Project("{8BC9CEB8-8B4A-11D0-8D11-00A0C91BC942}") = "Raytracer", "Raytracer\Raytracer.vcxproj", "{EDE3823C-6CE0-4540-B516-E7A87FD7D270}"
	ProjectSection(ProjectDependencies) = postProject
		{CD65F912-D2FD-46E4-A2EC-5ADFC3A5FAA1} = {CD65F912-D2FD-46E4-A2EC-5ADFC3A5FAA1}
		{69E7F349-DF9B-4F64-AE19-81C58C51B590} = {69E7F349-DF9B-4F64-AE19-81C58C51B590}
	EndProjectSection
EndProject
Global
	GlobalSection(SolutionConfigurationPlatforms) = preSolution
		Debug|Mixed Platforms = Debug|Mixed Platforms
		Debug|Win32 = Debug|Win32
		Debug|x64 = Debug|x64
		Release|Mixed Platforms = Release|Mixed Platforms
		Release|Win32 = Release|Win32
		Release|x64 = Release|x64
	EndGlobalSection
	GlobalSection(ProjectConfigurationPlatforms) = postSolution
		{69E7F349-DF9B-4F64-AE19-81C58C51B590}.Debug|Mixed Platforms.ActiveCfg = Debug|Win32
		{69E7F349-DF9B-4F64-AE19-81C58C51B590}.Debug|Mixed Platforms.Build.0 = Debug|Win32
		{69E7F349-DF9B-4F64-AE19-81C58C51B590}.Debug|Win32.ActiveCfg = Debug|Win32
		{69E7F349-DF9B-4F64-AE19-81C58C51B590}.Debug|Win32.Build.0 = Debug|Win32
		{69E7F349-DF9B-4F64-AE19-81C58C51B590}.Debug|x64.ActiveCfg = Debug|x64
		{69E7F349-DF9B-4F64-AE19-81C58C51B590}.Debug|x64.Build.0 = Debug|x64
		{69E7F349-DF9B-4F64-AE19-81C58C51B590}.Release|Mixed Platforms.ActiveCfg = Release|Win32
		{69E7F349-DF9B-4F64-AE19-81C58C51B590}.Release|Mixed Platforms.Build.0 = Release|Win32
		{69E7F349-DF9B-4F64-AE19-81C58C51B590}.Release|Win32.ActiveCfg = Release|Win32
		{69E7F349-DF9B-4F64-AE19-81C58C51B590}.Release|Win32.Build.0 = Release|Win32
		{69E7F349-DF9B-4F64-AE19-81C58C51B590}.Release|x64.ActiveCfg = Release|x64
		{69E7F349-DF9B-4F64-AE19-81C58C51B590}.Release|x64.Build.0 = Release|x64
		{90749762-4AF1-48FB-8236-0E8B22AD3A72}.Debug|Mixed Platforms.ActiveCfg = Debug|Win32
		{90749762-4AF1-48FB-8236-0E8B22AD3A72}.Debug|Mixed Platforms.Build.0 = Debug|Win32
		{90749762-4AF1-48FB-8236-0E8B22AD3A72}.Debug|Win32.ActiveCfg = Debug|Win32
		{90749762-4AF1-48FB-8236-0E8B22AD3A72}.Debug|Win32.Build.0 = Debug|Win32
		{90749762-4AF1-48FB-8236-0E8B22AD3A72}.Debug|x64.ActiveCfg = Debug|x64
		{90749762-4AF1-48FB-8236-0E8B22AD3A72}.Debug|x64.Build.0 = Debug|x64
		{90749762-4AF1-48FB-8236-0E8B22AD3A72}.Release|Mixed Platforms.ActiveCfg = Release|Win32
		{90749762-4AF1-48FB-8236-0E8B22AD3A72}.Release|Mixed Platforms.Build.0 = Release|Win32
		{90749762-4AF1-48FB-8236-0E8B22AD3A72}.Release|Win32.ActiveCfg = Release|Win32
		{90749762-4AF1-48FB-8236-0E8B22AD3A72}.Release|Win32.Build.0 = Release|Win32
		{90749762-4AF1-48FB-8236-0E8B22AD3A72}.Release|x64.ActiveCfg = Release|x64
		{90749762-4AF1-48FB-8236-0E8B22AD3A72}.Release|x64.Build.0 = Release|x64
		{9F0320F9-8F0C-42E1-8BF8-0D750942FC69}.Debug|Mixed Platforms.ActiveCfg = Debug|Win32
		{9F0320F9-8F0C-42E1-8BF8-0D750942FC69}.Debug|Mixed Platforms.Build.0 = Debug|Win32
		{9F0320F9-8F0C-42E1-8BF8-0D750942FC69}.Debug|Win32.ActiveCfg = Debug|Win32
		{9F0320F9-8F0C-42E1-8BF8-0D750942FC69}.Debug|Win32.Build.0 = Debug|Win32
		{9F0320F9-8F0C-42E1-8BF8-0D750942FC69}.Debug|x64.ActiveCfg = Debug|x64
		{9F0320F9-8F0C-42E1-8BF8-0D750942FC69}.Debug|x64.Build.0 = Debug|x64
		{9F0320F9-8F0C-42E1-8BF8-0D750942FC69}.Release|Mixed Platforms.ActiveCfg = Release|Win32
		{9F0320F9-8F0C-42E1-8BF8-0D750942FC69}.Release|Mixed Platforms.Build.0 = Release|Win32
		{9F0320F9-8F0C-42E1-8BF8-0D750942FC69}.Release|Win32.ActiveCfg = Release|Win32
		{9F0320F9-8F0C-42E1-8BF8-0D750942FC69}.Release|Win32.Build.0 = Release|Win32
		{9F0320F9-8F0C-42E1-8BF8-0D750942FC69}.Release|x64.ActiveCfg = Release|x64
		{9F0320F9-8F0C-42E1-8BF8-0D750942FC69}.Release|x64.Build.0 = Release|x64
		{43A81C80-A086-4905-AEC6-45CF4F1942BC}.Debug|Mixed Platforms.ActiveCfg = Debug|Win32
		{43A81C80-A086-4905-AEC6-45CF4F1942BC}.Debug|Mixed Platforms.Build.0 = Debug|Win32
		{43A81C80-A086-4905-AEC6-45CF4F1942BC}.Debug|Win32.ActiveCfg = Debug|Win32
		{43A81C80-A086-4905-AEC6-45CF4F1942BC}.Debug|Win32.Build.0 = Debug|Win32
		{43A81C80-A086-4905-AEC6-45CF4F1942BC}.Debug|x64.ActiveCfg = Debug|x64
		{43A81C80-A086-4905-AEC6-45CF4F1942BC}.Debug|x64.Build.0 = Debug|x64
		{43A81C80-A086-4905-AEC6-45CF4F1942BC}.Release|Mixed Platforms.ActiveCfg = Release|Win32
		{43A81C80-A086-4905-AEC6-45CF4F1942BC}.Release|Mixed Platforms.Build.0 = Release|Win32
		{43A81C80-A086-4905-AEC6-45CF4F1942BC}.Release|Win32.ActiveCfg = Release|Win32
		{43A81C80-A086-4905-AEC6-45CF4F1942BC}.Release|Win32.Build.0 = Release|Win32
		{43A81C80-A086-4905-AEC6-45CF4F1942BC}.Release|x64.ActiveCfg = Release|x64
		{43A81C80-A086-4905-AEC6-45CF4F1942BC}.Release|x64.Build.0 = Release|x64
		{423960CF-2964-4F70-82CF-56ECE502E1BC}.Debug|Mixed Platforms.ActiveCfg = Debug|Win32
		{423960CF-2964-4F70-82CF-56ECE502E1BC}.Debug|Mixed Platforms.Build.0 = Debug|Win32
		{423960CF-2964-4F70-82CF-56ECE502E1BC}.Debug|Win32.ActiveCfg = Debug|Win32
		{423960CF-2964-4F70-82CF-56ECE502E1BC}.Debug|Win32.Build.0 = Debug|Win32
		{423960CF-2964-4F70-82CF-56ECE502E1BC}.Debug|x64.ActiveCfg = Debug|x64
		{423960CF-2964-4F70-82CF-56ECE502E1BC}.Debug|x64.Build.0 = Debug|x64
		{423960CF-2964-4F70-82CF-56ECE502E1BC}.Release|Mixed Platforms.ActiveCfg = Release|Win32
		{423960CF-2964-4F70-82CF-56ECE502E1BC}.Release|Mixed Platforms.Build.0 = Release|Win32
		{423960CF-2964-4F70-82CF-56ECE502E1BC}.Release|Win32.ActiveCfg = Release|Win32
		{423960CF-2964-4F70-82CF-56ECE502E1BC}.Release|Win32.Build.0 = Release|Win32
		{423960CF-2964-4F70-82CF-56ECE502E1BC}.Release|x64.ActiveCfg = Release|x64
		{423960CF-2964-4F70-82CF-56ECE502E1BC}.Release|x64.Build.0 = Release|x64
		{B904AE42-AD16-4DE8-B532-E7AE2D4E8AFA}.Debug|Mixed Platforms.ActiveCfg = Debug|Win32
		{B904AE42-AD16-4DE8-B532-E7AE2D4E8AFA}.Debug|Mixed Platforms.Build.0 = Debug|Win32
		{B904AE42-AD16-4DE8-B532-E7AE2D4E8AFA}.Debug|Win32.ActiveCfg = Debug|Win32
		{B904AE42-AD16-4DE8-B532-E7AE2D4E8AFA}.Debug|Win32.Build.0 = Debug|Win32
		{B904AE42-AD16-4DE8-B532-E7AE2D4E8AFA}.Debug|x64.ActiveCfg = Debug|x64
		{B904AE42-AD16-4DE8-B532-E7AE2D4E8AFA}.Debug|x64.Build.0 = Debug|x64
		{B904AE42-AD16-4DE8-B532-E7AE2D4E8AFA}.Release|Mixed Platforms.ActiveCfg = Release|Win32
		{B904AE42-AD16-4DE8-B532-E7AE2D4E8AFA}.Release|Mixed Platforms.Build.0 = Release|Win32
		{B904AE42-AD16-4DE8-B532-E7AE2D4E8AFA}.Release|Win32.ActiveCfg = Release|Win32
		{B904AE42-AD16-4DE8-B532-E7AE2D4E8AFA}.Release|Win32.Build.0 = Release|Win32
		{B904AE42-AD16-4DE8-B532-E7AE2D4E8AFA}.Release|x64.ActiveCfg = Release|x64
		{B904AE42-AD16-4DE8-B532-E7AE2D4E8AFA}.Release|x64.Build.0 = Release|x64
		{59554619-11F1-43C0-B86E-4CFAF273E673}.Debug|Mixed Platforms.ActiveCfg = Debug|Win32
		{59554619-11F1-43C0-B86E-4CFAF273E673}.Debug|Mixed Platforms.Build.0 = Debug|Win32
		{59554619-11F1-43C0-B86E-4CFAF273E673}.Debug|Win32.ActiveCfg = Debug|Win32
		{59554619-11F1-43C0-B86E-4CFAF273E673}.Debug|Win32.Build.0 = Debug|Win32
		{59554619-11F1-43C0-B86E-4CFAF273E673}.Debug|x64.ActiveCfg = Debug|x64
		{59554619-11F1-43C0-B86E-4CFAF273E673}.Debug|x64.Build.0 = Debug|x64
		{59554619-11F1-43C0-B86E-4CFAF273E673}.Release|Mixed Platforms.ActiveCfg = Release|Win32
		{59554619-11F1-43C0-B86E-4CFAF273E673}.Release|Mixed Platforms.Build.0 = Release|Win32
		{59554619-11F1-43C0-B86E-4CFAF273E673}.Release|Win32.ActiveCfg = Release|Win32
		{59554619-11F1-43C0-B86E-4CFAF273E673}.Release|Win32.Build.0 = Release|Win32
		{59554619-11F1-43C0-B86E-4CFAF273E673}.Release|x64.ActiveCfg = Release|x64
		{59554619-11F1-43C0-B86E-4CFAF273E673}.Release|x64.Build.0 = Release|x64
		{CD65F912-D2FD-46E4-A2EC-5ADFC3A5FAA1}.Debug|Mixed Platforms.ActiveCfg = Debug|Win32
		{CD65F912-D2FD-46E4-A2EC-5ADFC3A5FAA1}.Debug|Mixed Platforms.Build.0 = Debug|Win32
		{CD65F912-D2FD-46E4-A2EC-5ADFC3A5FAA1}.Debug|Win32.ActiveCfg = Debug|Win32
		{CD65F912-D2FD-46E4-A2EC-5ADFC3A5FAA1}.Debug|Win32.Build.0 = Debug|Win32
		{CD65F912-D2FD-46E4-A2EC-5ADFC3A5FAA1}.Debug|x64.ActiveCfg = Debug|x64
		{CD65F912-D2FD-46E4-A2EC-5ADFC3A5FAA1}.Debug|x64.Build.0 = Debug|x64
		{CD65F912-D2FD-46E4-A2EC-5ADFC3A5FAA1}.Release|Mixed Platforms.ActiveCfg = Release|Win32
		{CD65F912-D2FD-46E4-A2EC-5ADFC3A5FAA1}.Release|Mixed Platforms.Build.0 = Release|Win32
		{CD65F912-D2FD-46E4-A2EC-5ADFC3A5FAA1}.Release|Win32.ActiveCfg = Release|Win32
		{CD65F912-D2FD-46E4-A2EC-5ADFC3A5FAA1}.Release|Win32.Build.0 = Release|Win32
		{CD65F912-D2FD-46E4-A2EC-5ADFC3A5FAA1}.Release|x64.ActiveCfg = Release|x64
		{CD65F912-D2FD-46E4-A2EC-5ADFC3A5FAA1}.Release|x64.Build.0 = Release|x64
		{738EB01C-F0C3-40FD-896D-762BCB33BEB6}.Debug|Mixed Platforms.ActiveCfg = Debug|Win32
		{738EB01C-F0C3-40FD-896D-762BCB33BEB6}.Debug|Mixed Platforms.Build.0 = Debug|Win32
		{738EB01C-F0C3-40FD-896D-762BCB33BEB6}.Debug|Win32.ActiveCfg = Debug|Win32
		{738EB01C-F0C3-40FD-896D-762BCB33BEB6}.Debug|Win32.Build.0 = Debug|Win32
		{738EB01C-F0C3-40FD-896D-762BCB33BEB6}.Debug|x64.ActiveCfg = Debug|x64
		{738EB01C-F0C3-40FD-896D-762BCB33BEB6}.Debug|x64.Build.0 = Debug|x64
		{738EB01C-F0C3-40FD-896D-762BCB33BEB6}.Release|Mixed Platforms.ActiveCfg = Release|Win32
		{738EB01C-F0C3-40FD-896D-762BCB33BEB6}.Release|Mixed Platforms.Build.0 = Release|Win32
		{738EB01C-F0C3-40FD-896D-762BCB33BEB6}.Release|Win32.ActiveCfg = Release|Win32
		{738EB01C-F0C3-40FD-896D-762BCB33BEB6}.Release|Win32.Build.0 = Release|Win32
		{738EB01C-F0C3-40FD-896D-762BCB33BEB6}.Release|x64.ActiveCfg = Release|x64
		{738EB01C-F0C3-40FD-896D-762BCB33BEB6}.Release|x64.Build.0 = Release|x64
		{2F92844D-DC37-48CB-974F-C4AB9E17CBA4}.Debug|Mixed Platforms.ActiveCfg = Debug|Win32
		{2F92844D-DC37-48CB-974F-C4AB9E17CBA4}.Debug|Mixed Platforms.Build.0 = Debug|Win32
		{2F92844D-DC37-48CB-974F-C4AB9E17CBA4}.Debug|Win32.ActiveCfg = Debug|Win32
		{2F92844D-DC37-48CB-974F-C4AB9E17CBA4}.Debug|Win32.Build.0 = Debug|Win32
		{2F92844D-DC37-48CB-974F-C4AB9E17CBA4}.Debug|x64.ActiveCfg = Debug|x64
		{2F92844D-DC37-48CB-974F-C4AB9E17CBA4}.Debug|x64.Build.0 = Debug|x64
		{2F92844D-DC37-48CB-974F-C4AB9E17CBA4}.Release|Mixed Platforms.ActiveCfg = Release|Win32
		{2F92844D-DC37-48CB-974F-C4AB9E17CBA4}.Release|Mixed Platforms.Build.0 = Release|Win32
		{2F92844D-DC37-48CB-974F-C4AB9E17CBA4}.Release|Win32.ActiveCfg = Release|Win32
		{2F92844D-DC37-48CB-974F-C4AB9E17CBA4}.Release|Win32.Build.0 = Release|Win32
		{2F92844D-DC37-48CB-974F-C4AB9E17CBA4}.Release|x64.ActiveCfg = Release|x64
		{2F92844D-DC37-48CB-974F-C4AB9E17CBA4}.Release|x64.Build.0 = Release|x64
		{4437BFE3-B3E5-4B35-B5E3-2652F0163161}.Debug|Mixed Platforms.ActiveCfg = Debug|Win32
		{4437BFE3-B3E5-4B35-B5E3-2652F0163161}.Debug|Mixed Platforms.Build.0 = Debug|Win32
		{4437BFE3-B3E5-4B35-B5E3-2652F0163161}.Debug|Win32.ActiveCfg = Debug|Win32
		{4437BFE3-B3E5-4B35-B5E3-2652F0163161}.Debug|Win32.Build.0 = Debug|Win32
		{4437BFE3-B3E5-4B35-B5E3-2652F0163161}.Debug|x64.ActiveCfg = Debug|x64
		{4437BFE3-B3E5-4B35-B5E3-2652F0163161}.Debug|x64.Build.0 = Debug|x64
		{4437BFE3-B3E5-4B35-B5E3-2652F0163161}.Release|Mixed Platforms.ActiveCfg = Release|Win32
		{4437BFE3-B3E5-4B35-B5E3-2652F0163161}.Release|Mixed Platforms.Build.0 = Release|Win32
		{4437BFE3-B3E5-4B35-B5E3-2652F0163161}.Release|Win32.ActiveCfg = Release|Win32
		{4437BFE3-B3E5-4B35-B5E3-2652F0163161}.Release|Win32.Build.0 = Release|Win32
		{4437BFE3-B3E5-4B35-B5E3-2652F0163161}.Release|x64.ActiveCfg = Release|x64
		{4437BFE3-B3E5-4B35-B5E3-2652F0163161}.Release|x64.Build.0 = Release|x64
		{F88AA5BC-FA46-4EF0-980C-457A8E1CA55A}.Debug|Mixed Platforms.ActiveCfg = Debug|Win32
		{F88AA5BC-FA46-4EF0-980C-457A8E1CA55A}.Debug|Mixed Platforms.Build.0 = Debug|Win32
		{F88AA5BC-FA46-4EF0-980C-457A8E1CA55A}.Debug|Win32.ActiveCfg = Debug|Win32
		{F88AA5BC-FA46-4EF0-980C-457A8E1CA55A}.Debug|Win32.Build.0 = Debug|Win32
		{F88AA5BC-FA46-4EF0-980C-457A8E1CA55A}.Debug|x64.ActiveCfg = Debug|x64
		{F88AA5BC-FA46-4EF0-980C-457A8E1CA55A}.Debug|x64.Build.0 = Debug|x64
		{F88AA5BC-FA46-4EF0-980C-457A8E1CA55A}.Release|Mixed Platforms.ActiveCfg = Release|Win32
		{F88AA5BC-FA46-4EF0-980C-457A8E1CA55A}.Release|Mixed Platforms.Build.0 = Release|Win32
		{F88AA5BC-FA46-4EF0-980C-457A8E1CA55A}.Release|Win32.ActiveCfg = Release|Win32
		{F88AA5BC-FA46-4EF0-980C-457A8E1CA55A}.Release|Win32.Build.0 = Release|Win32
		{F88AA5BC-FA46-4EF0-980C-457A8E1CA55A}.Release|x64.ActiveCfg = Release|x64
		{F88AA5BC-FA46-4EF0-980C-457A8E1CA55A}.Release|x64.Build.0 = Release|x64
		{36CD64D3-3930-4380-A5D1-6856A704A94B}.Debug|Mixed Platforms.ActiveCfg = Debug|Win32
		{36CD64D3-3930-4380-A5D1-6856A704A94B}.Debug|Mixed Platforms.Build.0 = Debug|Win32
		{36CD64D3-3930-4380-A5D1-6856A704A94B}.Debug|Win32.ActiveCfg = Debug|Win32
		{36CD64D3-3930-4380-A5D1-6856A704A94B}.Debug|Win32.Build.0 = Debug|Win32
		{36CD64D3-3930-4380-A5D1-6856A704A94B}.Debug|x64.ActiveCfg = Debug|x64
		{36CD64D3-3930-4380-A5D1-6856A704A94B}.Debug|x64.Build.0 = Debug|x64
		{36CD64D3-3930-4380-A5D1-6856A704A94B}.Release|Mixed Platforms.ActiveCfg = Release|Win32
		{36CD64D3-3930-4380-A5D1-6856A704A94B}.Release|Mixed Platforms.Build.0 = Release|Win32
		{36CD64D3-3930-4380-A5D1-6856A704A94B}.Release|Win32.ActiveCfg = Release|Win32
		{36CD64D3-3930-4380-A5D1-6856A704A94B}.Release|Win32.Build.0 = Release|Win32
		{36CD64D3-3930-4380-A5D1-6856A704A94B}.Release|x64.ActiveCfg = Release|x64
		{36CD64D3-3930-4380-A5D1-6856A704A94B}.Release|x64.Build.0 = Release|x64
		{EDE3823C-6CE0-4540-B516-E7A87FD7D270}.Debug|Mixed Platforms.ActiveCfg = Debug|Win32
		{EDE3823C-6CE0-4540-B516-E7A87FD7D270}.Debug|Mixed Platforms.Build.0 = Debug|Win32
		{EDE3823C-6CE0-4540-B516-E7A87FD7D270}.Debug|Win32.ActiveCfg = Debug|Win32
		{EDE3823C-6CE0-4540-B516-E7A87FD7D270}.Debug|Win32.Build.0 = Debug|Win32
		{EDE3823C-6CE0-4540-B516-E7A87FD7D270}.Debug|x64.ActiveCfg = Debug|x64
		{EDE3823C-6CE0-4540-B516-E7A87FD7D270}.Debug|x64.Build.0 = Debug|x64
		{EDE3823C-6CE0-4540-B516-E7A87FD7D270}.Release|Mixed Platforms.ActiveCfg = Release|Win32
		{EDE3823C-6CE0-4540-B516-E7A87FD7D270}.Release|Mixed Platforms.Build.0 = Release|Win32
		{EDE3823C-6CE0-4540-B516-E7A87FD7D270}.Release|Win32.ActiveCfg = Release|Win32
		{EDE3823C-6CE0-4540-B516-E7A87FD7D270}.Release|Win32.Build.0 = Release|Win32
		{EDE3823C-6CE0-4540-B516-E7A87FD7D270}.Release|x64.ActiveCfg = Release|x64
		{EDE3823C-6CE0-4540-B516-E7A87FD7D270}.Release|x64.Build.0 = Release|x64
	EndGlobalSection
	GlobalSection(SolutionProperties) = preSolution
		HideSolutionNode = FALSE
	EndGlobalSection
	GlobalSection(NestedProjects) = preSolution
		{90749762-4AF1-48FB-8236-0E8B22AD3A72} = {2A549C57-06C2-4ABA-B5CC-552924888D01}
		{423960CF-2964-4F70-82CF-56ECE502E1BC} = {2A549C57-06C2-4ABA-B5CC-552924888D01}
		{B904AE42-AD16-4DE8-B532-E7AE2D4E8AFA} = {2A549C57-06C2-4ABA-B5CC-552924888D01}
		{738EB01C-F0C3-40FD-896D-762BCB33BEB6} = {2A549C57-06C2-4ABA-B5CC-552924888D01}
		{2F92844D-DC37-48CB-974F-C4AB9E17CBA4} = {2A549C57-06C2-4ABA-B5CC-552924888D01}
		{F88AA5BC-FA46-4EF0-980C-457A8E1CA55A} = {2A549C57-06C2-4ABA-B5CC-552924888D01}
	EndGlobalSection
	GlobalSection(ExtensibilityGlobals) = postSolution
		SolutionGuid = {FE884F44-C5AC-40BA-87EB-EA58AEF21C31}
	EndGlobalSection
EndGlobal
